Microsoft Visual Studio Solution File, Format Version 12.00
# Visual Studio Version 17
VisualStudioVersion = 17.5.2.0
MinimumVisualStudioVersion = 10.0.40219.1
Project("{FAE04EC0-301F-11D3-BF4B-00C04F79EFBC}") = "tareaClasesG", "tareaClasesG.csproj", "{35C869F8-9E10-199A-D3DE-792DFBD33CA8}"
EndProject
Global
	GlobalSection(SolutionConfigurationPlatforms) = preSolution
		Debug|Any CPU = Debug|Any CPU
		Release|Any CPU = Release|Any CPU
	EndGlobalSection
	GlobalSection(ProjectConfigurationPlatforms) = postSolution
		{35C869F8-9E10-199A-D3DE-792DFBD33CA8}.Debug|Any CPU.ActiveCfg = Debug|Any CPU
		{35C869F8-9E10-199A-D3DE-792DFBD33CA8}.Debug|Any CPU.Build.0 = Debug|Any CPU
		{35C869F8-9E10-199A-D3DE-792DFBD33CA8}.Release|Any CPU.ActiveCfg = Release|Any CPU
		{35C869F8-9E10-199A-D3DE-792DFBD33CA8}.Release|Any CPU.Build.0 = Release|Any CPU
	EndGlobalSection
	GlobalSection(SolutionProperties) = preSolution
		HideSolutionNode = FALSE
	EndGlobalSection
	GlobalSection(ExtensibilityGlobals) = postSolution
		SolutionGuid = {D3D2F572-BF90-4BF4-9982-3D8951D2A052}
	EndGlobalSection
EndGlobal
